
Microsoft Visual Studio Solution File, Format Version 12.00
# Visual Studio Version 16
VisualStudioVersion = 16.0.28922.388
MinimumVisualStudioVersion = 10.0.40219.1
Project("{2150E333-8FDC-42A3-9474-1A3956D46DE8}") = "src", "src", "{7C40D7E9-8127-4204-918D-7126DF55D34E}"
EndProject
Project("{2150E333-8FDC-42A3-9474-1A3956D46DE8}") = "samples", "samples", "{E2CD3569-9291-46EE-874F-97617823990F}"
EndProject
Project("{2150E333-8FDC-42A3-9474-1A3956D46DE8}") = "basic integration", "basic integration", "{84CA0740-F9F1-483C-B8CB-AF7EFBBC6874}"
EndProject
Project("{9A19103F-16F7-4668-BE54-9A1E7A4F7556}") = "DataTables.AspNet.Core", "src\DataTables.AspNet.Core\DataTables.AspNet.Core.csproj", "{489F1F8C-ABDE-4FB2-AD6D-5463E1F067E0}"
EndProject
Project("{9A19103F-16F7-4668-BE54-9A1E7A4F7556}") = "DataTables.AspNet.AspNetCore", "src\DataTables.AspNet.AspNetCore\DataTables.AspNet.AspNetCore.csproj", "{A99E62EC-9FA2-4564-A4E1-92BDF40B9752}"
EndProject
Project("{9A19103F-16F7-4668-BE54-9A1E7A4F7556}") = "DataTables.AspNet.Samples.AspNetCore.BasicIntegration", "samples\DataTables.AspNet.Samples.AspNetCore.BasicIntegration\DataTables.AspNet.Samples.AspNetCore.BasicIntegration.csproj", "{FDF558EF-39AC-4E6B-8055-07965399959E}"
EndProject
Project("{9A19103F-16F7-4668-BE54-9A1E7A4F7556}") = "DataTables.AspNet.WebApi2", "src\DataTables.AspNet.WebApi2\DataTables.AspNet.WebApi2.csproj", "{DA1469AD-F087-448F-8A27-5A0FED8442AD}"
EndProject
Project("{FAE04EC0-301F-11D3-BF4B-00C04F79EFBC}") = "DataTables.AspNet.Samples.WebApi2.BasicIntegration", "samples\DataTables.AspNet.Samples.WebApi2.BasicIntegration\DataTables.AspNet.Samples.WebApi2.BasicIntegration.csproj", "{532C8D5D-0FDF-462F-B2A3-BC1FE0BF09F4}"
EndProject
Project("{FAE04EC0-301F-11D3-BF4B-00C04F79EFBC}") = "DataTables.Simple", "DataTables.Simple\DataTables.Simple.csproj", "{FF78BE1C-8019-4B19-BDA3-5A8FAFB1BE2D}"
EndProject
Global
	GlobalSection(SolutionConfigurationPlatforms) = preSolution
		Debug|Any CPU = Debug|Any CPU
		Release|Any CPU = Release|Any CPU
	EndGlobalSection
	GlobalSection(ProjectConfigurationPlatforms) = postSolution
		{489F1F8C-ABDE-4FB2-AD6D-5463E1F067E0}.Debug|Any CPU.ActiveCfg = Debug|Any CPU
		{489F1F8C-ABDE-4FB2-AD6D-5463E1F067E0}.Debug|Any CPU.Build.0 = Debug|Any CPU
		{489F1F8C-ABDE-4FB2-AD6D-5463E1F067E0}.Release|Any CPU.ActiveCfg = Release|Any CPU
		{489F1F8C-ABDE-4FB2-AD6D-5463E1F067E0}.Release|Any CPU.Build.0 = Release|Any CPU
		{A99E62EC-9FA2-4564-A4E1-92BDF40B9752}.Debug|Any CPU.ActiveCfg = Debug|Any CPU
		{A99E62EC-9FA2-4564-A4E1-92BDF40B9752}.Debug|Any CPU.Build.0 = Debug|Any CPU
		{A99E62EC-9FA2-4564-A4E1-92BDF40B9752}.Release|Any CPU.ActiveCfg = Release|Any CPU
		{A99E62EC-9FA2-4564-A4E1-92BDF40B9752}.Release|Any CPU.Build.0 = Release|Any CPU
		{FDF558EF-39AC-4E6B-8055-07965399959E}.Debug|Any CPU.ActiveCfg = Debug|Any CPU
		{FDF558EF-39AC-4E6B-8055-07965399959E}.Debug|Any CPU.Build.0 = Debug|Any CPU
		{FDF558EF-39AC-4E6B-8055-07965399959E}.Release|Any CPU.ActiveCfg = Release|Any CPU
		{FDF558EF-39AC-4E6B-8055-07965399959E}.Release|Any CPU.Build.0 = Release|Any CPU
		{DA1469AD-F087-448F-8A27-5A0FED8442AD}.Debug|Any CPU.ActiveCfg = Debug|Any CPU
		{DA1469AD-F087-448F-8A27-5A0FED8442AD}.Debug|Any CPU.Build.0 = Debug|Any CPU
		{DA1469AD-F087-448F-8A27-5A0FED8442AD}.Release|Any CPU.ActiveCfg = Release|Any CPU
		{DA1469AD-F087-448F-8A27-5A0FED8442AD}.Release|Any CPU.Build.0 = Release|Any CPU
		{532C8D5D-0FDF-462F-B2A3-BC1FE0BF09F4}.Debug|Any CPU.ActiveCfg = Debug|Any CPU
		{532C8D5D-0FDF-462F-B2A3-BC1FE0BF09F4}.Debug|Any CPU.Build.0 = Debug|Any CPU
		{532C8D5D-0FDF-462F-B2A3-BC1FE0BF09F4}.Release|Any CPU.ActiveCfg = Release|Any CPU
		{532C8D5D-0FDF-462F-B2A3-BC1FE0BF09F4}.Release|Any CPU.Build.0 = Release|Any CPU
		{FF78BE1C-8019-4B19-BDA3-5A8FAFB1BE2D}.Debug|Any CPU.ActiveCfg = Debug|Any CPU
		{FF78BE1C-8019-4B19-BDA3-5A8FAFB1BE2D}.Debug|Any CPU.Build.0 = Debug|Any CPU
		{FF78BE1C-8019-4B19-BDA3-5A8FAFB1BE2D}.Release|Any CPU.ActiveCfg = Release|Any CPU
		{FF78BE1C-8019-4B19-BDA3-5A8FAFB1BE2D}.Release|Any CPU.Build.0 = Release|Any CPU
	EndGlobalSection
	GlobalSection(SolutionProperties) = preSolution
		HideSolutionNode = FALSE
	EndGlobalSection
	GlobalSection(NestedProjects) = preSolution
		{84CA0740-F9F1-483C-B8CB-AF7EFBBC6874} = {E2CD3569-9291-46EE-874F-97617823990F}
		{489F1F8C-ABDE-4FB2-AD6D-5463E1F067E0} = {7C40D7E9-8127-4204-918D-7126DF55D34E}
		{A99E62EC-9FA2-4564-A4E1-92BDF40B9752} = {7C40D7E9-8127-4204-918D-7126DF55D34E}
		{FDF558EF-39AC-4E6B-8055-07965399959E} = {84CA0740-F9F1-483C-B8CB-AF7EFBBC6874}
		{DA1469AD-F087-448F-8A27-5A0FED8442AD} = {7C40D7E9-8127-4204-918D-7126DF55D34E}
		{532C8D5D-0FDF-462F-B2A3-BC1FE0BF09F4} = {84CA0740-F9F1-483C-B8CB-AF7EFBBC6874}
		{FF78BE1C-8019-4B19-BDA3-5A8FAFB1BE2D} = {E2CD3569-9291-46EE-874F-97617823990F}
	EndGlobalSection
	GlobalSection(ExtensibilityGlobals) = postSolution
		SolutionGuid = {A663189B-9B5D-442D-991D-44ACC2EAC3C3}
	EndGlobalSection
EndGlobal
